
Microsoft Visual Studio Solution File, Format Version 12.00
# Visual Studio Version 17
VisualStudioVersion = 17.4.33103.184
MinimumVisualStudioVersion = 10.0.40219.1
Project("{FAE04EC0-301F-11D3-BF4B-00C04F79EFBC}") = "TargaSistemi", "TargaSistemi\TargaSistemi.csproj", "{3AF9F7C9-BB80-4B79-9353-79CFEE60C1C4}"
EndProject
Global
	GlobalSection(SolutionConfigurationPlatforms) = preSolution
		Debug|Any CPU = Debug|Any CPU
		Release|Any CPU = Release|Any CPU
	EndGlobalSection
	GlobalSection(ProjectConfigurationPlatforms) = postSolution
		{3AF9F7C9-BB80-4B79-9353-79CFEE60C1C4}.Debug|Any CPU.ActiveCfg = Debug|Any CPU
		{3AF9F7C9-BB80-4B79-9353-79CFEE60C1C4}.Debug|Any CPU.Build.0 = Debug|Any CPU
		{3AF9F7C9-BB80-4B79-9353-79CFEE60C1C4}.Release|Any CPU.ActiveCfg = Release|Any CPU
		{3AF9F7C9-BB80-4B79-9353-79CFEE60C1C4}.Release|Any CPU.Build.0 = Release|Any CPU
	EndGlobalSection
	GlobalSection(SolutionProperties) = preSolution
		HideSolutionNode = FALSE
	EndGlobalSection
	GlobalSection(ExtensibilityGlobals) = postSolution
		SolutionGuid = {18CA2813-7FB2-4FF5-8F9A-11077B210BAC}
	EndGlobalSection
EndGlobal
